
Microsoft Visual Studio Solution File, Format Version 12.00
# Visual Studio Version 17
VisualStudioVersion = 17.10.35122.118
MinimumVisualStudioVersion = 10.0.40219.1
Project("{FAE04EC0-301F-11D3-BF4B-00C04F79EFBC}") = "TargetClearCS", "TargetClearCS\TargetClearCS.csproj", "{E6796693-2352-4285-A614-866F9BFA424D}"
EndProject
Global
	GlobalSection(SolutionConfigurationPlatforms) = preSolution
		Debug|Any CPU = Debug|Any CPU
		Release|Any CPU = Release|Any CPU
	EndGlobalSection
	GlobalSection(ProjectConfigurationPlatforms) = postSolution
		{E6796693-2352-4285-A614-866F9BFA424D}.Debug|Any CPU.ActiveCfg = Debug|Any CPU
		{E6796693-2352-4285-A614-866F9BFA424D}.Debug|Any CPU.Build.0 = Debug|Any CPU
		{E6796693-2352-4285-A614-866F9BFA424D}.Release|Any CPU.ActiveCfg = Release|Any CPU
		{E6796693-2352-4285-A614-866F9BFA424D}.Release|Any CPU.Build.0 = Release|Any CPU
	EndGlobalSection
	GlobalSection(SolutionProperties) = preSolution
		HideSolutionNode = FALSE
	EndGlobalSection
	GlobalSection(ExtensibilityGlobals) = postSolution
		SolutionGuid = {4A0579D9-C446-47F8-A101-D02DE94B0979}
	EndGlobalSection
EndGlobal
